
Microsoft Visual Studio Solution File, Format Version 12.00
# Visual Studio Version 17
VisualStudioVersion = 17.14.36705.20 d17.14
MinimumVisualStudioVersion = 10.0.40219.1
Project("{FAE04EC0-301F-11D3-BF4B-00C04F79EFBC}") = "Portfolio", "Portfolio\Portfolio.csproj", "{0379BC2D-1C63-4A24-BFA7-16E622B82078}"
EndProject
Global
	GlobalSection(SolutionConfigurationPlatforms) = preSolution
		Debug|Any CPU = Debug|Any CPU
		Release|Any CPU = Release|Any CPU
	EndGlobalSection
	GlobalSection(ProjectConfigurationPlatforms) = postSolution
		{0379BC2D-1C63-4A24-BFA7-16E622B82078}.Debug|Any CPU.ActiveCfg = Debug|Any CPU
		{0379BC2D-1C63-4A24-BFA7-16E622B82078}.Debug|Any CPU.Build.0 = Debug|Any CPU
		{0379BC2D-1C63-4A24-BFA7-16E622B82078}.Release|Any CPU.ActiveCfg = Release|Any CPU
		{0379BC2D-1C63-4A24-BFA7-16E622B82078}.Release|Any CPU.Build.0 = Release|Any CPU
	EndGlobalSection
	GlobalSection(SolutionProperties) = preSolution
		HideSolutionNode = FALSE
	EndGlobalSection
	GlobalSection(ExtensibilityGlobals) = postSolution
		SolutionGuid = {C3D66910-BE77-4218-B8B9-69BFC71C308D}
	EndGlobalSection
EndGlobal
